
Microsoft Visual Studio Solution File, Format Version 12.00
# Visual Studio Version 16
VisualStudioVersion = 16.0.30406.217
MinimumVisualStudioVersion = 10.0.40219.1
Project("{FAE04EC0-301F-11D3-BF4B-00C04F79EFBC}") = "DynPicker", "DynPicker\DynPicker.csproj", "{ABC9851A-7E69-4622-AC74-A2494D0DDB8F}"
EndProject
Global
	GlobalSection(SolutionConfigurationPlatforms) = preSolution
		Debug|Any CPU = Debug|Any CPU
		Release|Any CPU = Release|Any CPU
	EndGlobalSection
	GlobalSection(ProjectConfigurationPlatforms) = postSolution
		{ABC9851A-7E69-4622-AC74-A2494D0DDB8F}.Debug|Any CPU.ActiveCfg = Debug|Any CPU
		{ABC9851A-7E69-4622-AC74-A2494D0DDB8F}.Debug|Any CPU.Build.0 = Debug|Any CPU
		{ABC9851A-7E69-4622-AC74-A2494D0DDB8F}.Release|Any CPU.ActiveCfg = Release|Any CPU
		{ABC9851A-7E69-4622-AC74-A2494D0DDB8F}.Release|Any CPU.Build.0 = Release|Any CPU
	EndGlobalSection
	GlobalSection(SolutionProperties) = preSolution
		HideSolutionNode = FALSE
	EndGlobalSection
	GlobalSection(ExtensibilityGlobals) = postSolution
		SolutionGuid = {32B50A01-AA5E-45FA-BB1B-34514AA453AA}
	EndGlobalSection
EndGlobal
